
Microsoft Visual Studio Solution File, Format Version 12.00
# Visual Studio Version 17
VisualStudioVersion = 17.0.31903.59
MinimumVisualStudioVersion = 10.0.40219.1
Project("{FAE04EC0-301F-11D3-BF4B-00C04F79EFBC}") = "src.Presentation", "src.Presentation\src.Presentation.csproj", "{50F9BC44-1688-4AFC-8E9C-FB41AA776E05}"
EndProject
Project("{FAE04EC0-301F-11D3-BF4B-00C04F79EFBC}") = "src.BusinessLogic", "src.BusinessLogic\src.BusinessLogic.csproj", "{DF17AC0D-647F-429F-B582-21A94B8FB876}"
EndProject
Project("{FAE04EC0-301F-11D3-BF4B-00C04F79EFBC}") = "src.DataAccess", "src.DataAccess\src.DataAccess.csproj", "{44F12B73-A741-4824-9083-CB60602F3F5D}"
EndProject
Global
	GlobalSection(SolutionConfigurationPlatforms) = preSolution
		Debug|Any CPU = Debug|Any CPU
		Release|Any CPU = Release|Any CPU
	EndGlobalSection
	GlobalSection(SolutionProperties) = preSolution
		HideSolutionNode = FALSE
	EndGlobalSection
	GlobalSection(ProjectConfigurationPlatforms) = postSolution
		{50F9BC44-1688-4AFC-8E9C-FB41AA776E05}.Debug|Any CPU.ActiveCfg = Debug|Any CPU
		{50F9BC44-1688-4AFC-8E9C-FB41AA776E05}.Debug|Any CPU.Build.0 = Debug|Any CPU
		{50F9BC44-1688-4AFC-8E9C-FB41AA776E05}.Release|Any CPU.ActiveCfg = Release|Any CPU
		{50F9BC44-1688-4AFC-8E9C-FB41AA776E05}.Release|Any CPU.Build.0 = Release|Any CPU
		{DF17AC0D-647F-429F-B582-21A94B8FB876}.Debug|Any CPU.ActiveCfg = Debug|Any CPU
		{DF17AC0D-647F-429F-B582-21A94B8FB876}.Debug|Any CPU.Build.0 = Debug|Any CPU
		{DF17AC0D-647F-429F-B582-21A94B8FB876}.Release|Any CPU.ActiveCfg = Release|Any CPU
		{DF17AC0D-647F-429F-B582-21A94B8FB876}.Release|Any CPU.Build.0 = Release|Any CPU
		{44F12B73-A741-4824-9083-CB60602F3F5D}.Debug|Any CPU.ActiveCfg = Debug|Any CPU
		{44F12B73-A741-4824-9083-CB60602F3F5D}.Debug|Any CPU.Build.0 = Debug|Any CPU
		{44F12B73-A741-4824-9083-CB60602F3F5D}.Release|Any CPU.ActiveCfg = Release|Any CPU
		{44F12B73-A741-4824-9083-CB60602F3F5D}.Release|Any CPU.Build.0 = Release|Any CPU
	EndGlobalSection
EndGlobal
